{
  "name": "warehouse-management-queue",
  "version": "1.0.0",
  "lockfileVersion": 3,
  "requires": true,
  "packages": {
    "": {
      "name": "warehouse-management-queue",
      "version": "1.0.0",
      "license": "ISC",
      "dependencies": {
        "web-locks": "^0.0.8"
      }
    },
    "node_modules/web-locks": {
      "version": "0.0.8",
      "resolved": "https://registry.npmjs.org/web-locks/-/web-locks-0.0.8.tgz",
      "integrity": "sha512-4K1HUuu9EjougZiaX3RQcR862nTaHwxpD9yJ+6dHXosw3L5MnFD8a8CJaN+AoP9IqhKYShMMc7efJF23/KGF/g==",
      "engines": {
        "node": ">=11.0.0"
      }
    }
  }
}
